// !$*UTF8*$!
{
	archiveVersion = 1;
	classes = {
	};
	objectVersion = 46;
	objects = {

/* Begin PBXBuildFile section */
		5077CFA81C49950B0090F808 /* AppDelegate.swift in Sources */ = {isa = PBXBuildFile; fileRef = 5077CFA71C49950B0090F808 /* AppDelegate.swift */; };
		5077CFAA1C49950B0090F808 /* RootViewController.swift in Sources */ = {isa = PBXBuildFile; fileRef = 5077CFA91C49950B0090F808 /* RootViewController.swift */; };
		5077CFAF1C49950B0090F808 /* Assets.xcassets in Resources */ = {isa = PBXBuildFile; fileRef = 5077CFAE1C49950B0090F808 /* Assets.xcassets */; };
		5077CFB21C49950B0090F808 /* LaunchScreen.storyboard in Resources */ = {isa = PBXBuildFile; fileRef = 5077CFB01C49950B0090F808 /* LaunchScreen.storyboard */; };
		5077CFBD1C49950B0090F808 /* SimpleTableTests.swift in Sources */ = {isa = PBXBuildFile; fileRef = 5077CFBC1C49950B0090F808 /* SimpleTableTests.swift */; };
		509CAEEF1C499ED1008928CC /* CanvasListDataProvider.swift in Sources */ = {isa = PBXBuildFile; fileRef = 509CAEEE1C499ED1008928CC /* CanvasListDataProvider.swift */; };
		509CAEF11C49B0CD008928CC /* DetailViewController.swift in Sources */ = {isa = PBXBuildFile; fileRef = 509CAEF01C49B0CD008928CC /* DetailViewController.swift */; };
/* End PBXBuildFile section */

/* Begin PBXContainerItemProxy section */
		5077CFB91C49950B0090F808 /* PBXContainerItemProxy */ = {
			isa = PBXContainerItemProxy;
			containerPortal = 5077CF9C1C49950B0090F808 /* Project object */;
			proxyType = 1;
			remoteGlobalIDString = 5077CFA31C49950B0090F808;
			remoteInfo = SimpleTable;
		};
/* End PBXContainerItemProxy section */

/* Begin PBXFileReference section */
		5077CFA41C49950B0090F808 /* SimpleTable.app */ = {isa = PBXFileReference; explicitFileType = wrapper.application; includeInIndex = 0; path = SimpleTable.app; sourceTree = BUILT_PRODUCTS_DIR; };
		5077CFA71C49950B0090F808 /* AppDelegate.swift */ = {isa = PBXFileReference; lastKnownFileType = sourcecode.swift; path = AppDelegate.swift; sourceTree = "<group>"; };
		5077CFA91C49950B0090F808 /* RootViewController.swift */ = {isa = PBXFileReference; lastKnownFileType = sourcecode.swift; path = RootViewController.swift; sourceTree = "<group>"; };
		5077CFAE1C49950B0090F808 /* Assets.xcassets */ = {isa = PBXFileReference; lastKnownFileType = folder.assetcatalog; path = Assets.xcassets; sourceTree = "<group>"; };
		5077CFB11C49950B0090F808 /* Base */ = {isa = PBXFileReference; lastKnownFileType = file.storyboard; name = Base; path = Base.lproj/LaunchScreen.storyboard; sourceTree = "<group>"; };
		5077CFB31C49950B0090F808 /* Info.plist */ = {isa = PBXFileReference; lastKnownFileType = text.plist.xml; path = Info.plist; sourceTree = "<group>"; };
		5077CFB81C49950B0090F808 /* SimpleTableTests.xctest */ = {isa = PBXFileReference; explicitFileType = wrapper.cfbundle; includeInIndex = 0; path = SimpleTableTests.xctest; sourceTree = BUILT_PRODUCTS_DIR; };
		5077CFBC1C49950B0090F808 /* SimpleTableTests.swift */ = {isa = PBXFileReference; lastKnownFileType = sourcecode.swift; path = SimpleTableTests.swift; sourceTree = "<group>"; };
		5077CFBE1C49950B0090F808 /* Info.plist */ = {isa = PBXFileReference; lastKnownFileType = text.plist.xml; path = Info.plist; sourceTree = "<group>"; };
		509CAEEE1C499ED1008928CC /* CanvasListDataProvider.swift */ = {isa = PBXFileReference; fileEncoding = 4; lastKnownFileType = sourcecode.swift; path = CanvasListDataProvider.swift; sourceTree = "<group>"; };
		509CAEF01C49B0CD008928CC /* DetailViewController.swift */ = {isa = PBXFileReference; fileEncoding = 4; lastKnownFileType = sourcecode.swift; path = DetailViewController.swift; sourceTree = "<group>"; };
/* End PBXFileReference section */

/* Begin PBXFrameworksBuildPhase section */
		5077CFA11C49950B0090F808 /* Frameworks */ = {
			isa = PBXFrameworksBuildPhase;
			buildActionMask = 2147483647;
			files = (
			);
			runOnlyForDeploymentPostprocessing = 0;
		};
		5077CFB51C49950B0090F808 /* Frameworks */ = {
			isa = PBXFrameworksBuildPhase;
			buildActionMask = 2147483647;
			files = (
			);
			runOnlyForDeploymentPostprocessing = 0;
		};
/* End PBXFrameworksBuildPhase section */

/* Begin PBXGroup section */
		5077CF9B1C49950B0090F808 = {
			isa = PBXGroup;
			children = (
				5077CFA61C49950B0090F808 /* SimpleTable */,
				5077CFBB1C49950B0090F808 /* SimpleTableTests */,
				5077CFA51C49950B0090F808 /* Products */,
			);
			sourceTree = "<group>";
		};
		5077CFA51C49950B0090F808 /* Products */ = {
			isa = PBXGroup;
			children = (
				5077CFA41C49950B0090F808 /* SimpleTable.app */,
				5077CFB81C49950B0090F808 /* SimpleTableTests.xctest */,
			);
			name = Products;
			sourceTree = "<group>";
		};
		5077CFA61C49950B0090F808 /* SimpleTable */ = {
			isa = PBXGroup;
			children = (
				5077CFA71C49950B0090F808 /* AppDelegate.swift */,
				5077CFA91C49950B0090F808 /* RootViewController.swift */,
				509CAEF01C49B0CD008928CC /* DetailViewController.swift */,
				509CAEEE1C499ED1008928CC /* CanvasListDataProvider.swift */,
				5077CFAE1C49950B0090F808 /* Assets.xcassets */,
				5077CFB01C49950B0090F808 /* LaunchScreen.storyboard */,
				5077CFB31C49950B0090F808 /* Info.plist */,
			);
			path = SimpleTable;
			sourceTree = "<group>";
		};
		5077CFBB1C49950B0090F808 /* SimpleTableTests */ = {
			isa = PBXGroup;
			children = (
				5077CFBC1C49950B0090F808 /* SimpleTableTests.swift */,
				5077CFBE1C49950B0090F808 /* Info.plist */,
			);
			path = SimpleTableTests;
			sourceTree = "<group>";
		};
/* End PBXGroup section */

/* Begin PBXNativeTarget section */
		5077CFA31C49950B0090F808 /* SimpleTable */ = {
			isa = PBXNativeTarget;
			buildConfigurationList = 5077CFC11C49950B0090F808 /* Build configuration list for PBXNativeTarget "SimpleTable" */;
			buildPhases = (
				5077CFA01C49950B0090F808 /* Sources */,
				5077CFA11C49950B0090F808 /* Frameworks */,
				5077CFA21C49950B0090F808 /* Resources */,
			);
			buildRules = (
			);
			dependencies = (
			);
			name = SimpleTable;
			productName = SimpleTable;
			productReference = 5077CFA41C49950B0090F808 /* SimpleTable.app */;
			productType = "com.apple.product-type.application";
		};
		5077CFB71C49950B0090F808 /* SimpleTableTests */ = {
			isa = PBXNativeTarget;
			buildConfigurationList = 5077CFC41C49950B0090F808 /* Build configuration list for PBXNativeTarget "SimpleTableTests" */;
			buildPhases = (
				5077CFB41C49950B0090F808 /* Sources */,
				5077CFB51C49950B0090F808 /* Frameworks */,
				5077CFB61C49950B0090F808 /* Resources */,
			);
			buildRules = (
			);
			dependencies = (
				5077CFBA1C49950B0090F808 /* PBXTargetDependency */,
			);
			name = SimpleTableTests;
			productName = SimpleTableTests;
			productReference = 5077CFB81C49950B0090F808 /* SimpleTableTests.xctest */;
			productType = "com.apple.product-type.bundle.unit-test";
		};
/* End PBXNativeTarget section */

/* Begin PBXProject section */
		5077CF9C1C49950B0090F808 /* Project object */ = {
			isa = PBXProject;
			attributes = {
				LastSwiftUpdateCheck = 0720;
				LastUpgradeCheck = 0720;
				ORGANIZATIONNAME = Canvas;
				TargetAttributes = {
					5077CFA31C49950B0090F808 = {
						CreatedOnToolsVersion = 7.2;
					};
					5077CFB71C49950B0090F808 = {
						CreatedOnToolsVersion = 7.2;
						TestTargetID = 5077CFA31C49950B0090F808;
					};
				};
			};
			buildConfigurationList = 5077CF9F1C49950B0090F808 /* Build configuration list for PBXProject "SimpleTable" */;
			compatibilityVersion = "Xcode 3.2";
			developmentRegion = English;
			hasScannedForEncodings = 0;
			knownRegions = (
				en,
				Base,
			);
			mainGroup = 5077CF9B1C49950B0090F808;
			productRefGroup = 5077CFA51C49950B0090F808 /* Products */;
			projectDirPath = "";
			projectRoot = "";
			targets = (
				5077CFA31C49950B0090F808 /* SimpleTable */,
				5077CFB71C49950B0090F808 /* SimpleTableTests */,
			);
		};
/* End PBXProject section */

/* Begin PBXResourcesBuildPhase section */
		5077CFA21C49950B0090F808 /* Resources */ = {
			isa = PBXResourcesBuildPhase;
			buildActionMask = 2147483647;
			files = (
				5077CFB21C49950B0090F808 /* LaunchScreen.storyboard in Resources */,
				5077CFAF1C49950B0090F808 /* Assets.xcassets in Resources */,
			);
			runOnlyForDeploymentPostprocessing = 0;
		};
		5077CFB61C49950B0090F808 /* Resources */ = {
			isa = PBXResourcesBuildPhase;
			buildActionMask = 2147483647;
			files = (
			);
			runOnlyForDeploymentPostprocessing = 0;
		};
/* End PBXResourcesBuildPhase section */

/* Begin PBXSourcesBuildPhase section */
		5077CFA01C49950B0090F808 /* Sources */ = {
			isa = PBXSourcesBuildPhase;
			buildActionMask = 2147483647;
			files = (
				509CAEEF1C499ED1008928CC /* CanvasListDataProvider.swift in Sources */,
				5077CFAA1C49950B0090F808 /* RootViewController.swift in Sources */,
				5077CFA81C49950B0090F808 /* AppDelegate.swift in Sources */,
				509CAEF11C49B0CD008928CC /* DetailViewController.swift in Sources */,
			);
			runOnlyForDeploymentPostprocessing = 0;
		};
		5077CFB41C49950B0090F808 /* Sources */ = {
			isa = PBXSourcesBuildPhase;
			buildActionMask = 2147483647;
			files = (
				5077CFBD1C49950B0090F808 /* SimpleTableTests.swift in Sources */,
			);
			runOnlyForDeploymentPostprocessing = 0;
		};
/* End PBXSourcesBuildPhase section */

/* Begin PBXTargetDependency section */
		5077CFBA1C49950B0090F808 /* PBXTargetDependency */ = {
			isa = PBXTargetDependency;
			target = 5077CFA31C49950B0090F808 /* SimpleTable */;
			targetProxy = 5077CFB91C49950B0090F808 /* PBXContainerItemProxy */;
		};
/* End PBXTargetDependency section */

/* Begin PBXVariantGroup section */
		5077CFB01C49950B0090F808 /* LaunchScreen.storyboard */ = {
			isa = PBXVariantGroup;
			children = (
				5077CFB11C49950B0090F808 /* Base */,
			);
			name = LaunchScreen.storyboard;
			sourceTree = "<group>";
		};
/* End PBXVariantGroup section */

/* Begin XCBuildConfiguration section */
		5077CFBF1C49950B0090F808 /* Debug */ = {
			isa = XCBuildConfiguration;
			buildSettings = {
				ALWAYS_SEARCH_USER_PATHS = NO;
				CLANG_CXX_LANGUAGE_STANDARD = "gnu++0x";
				CLANG_CXX_LIBRARY = "libc++";
				CLANG_ENABLE_MODULES = YES;
				CLANG_ENABLE_OBJC_ARC = YES;
				CLANG_WARN_BOOL_CONVERSION = YES;
				CLANG_WARN_CONSTANT_CONVERSION = YES;
				CLANG_WARN_DIRECT_OBJC_ISA_USAGE = YES_ERROR;
				CLANG_WARN_EMPTY_BODY = YES;
				CLANG_WARN_ENUM_CONVERSION = YES;
				CLANG_WARN_INT_CONVERSION = YES;
				CLANG_WARN_OBJC_ROOT_CLASS = YES_ERROR;
				CLANG_WARN_UNREACHABLE_CODE = YES;
				CLANG_WARN__DUPLICATE_METHOD_MATCH = YES;
				"CODE_SIGN_IDENTITY[sdk=iphoneos*]" = "iPhone Developer";
				COPY_PHASE_STRIP = NO;
				DEBUG_INFORMATION_FORMAT = dwarf;
				ENABLE_STRICT_OBJC_MSGSEND = YES;
				ENABLE_TESTABILITY = YES;
				GCC_C_LANGUAGE_STANDARD = gnu99;
				GCC_DYNAMIC_NO_PIC = NO;
				GCC_NO_COMMON_BLOCKS = YES;
				GCC_OPTIMIZATION_LEVEL = 0;
				GCC_PREPROCESSOR_DEFINITIONS = (
					"DEBUG=1",
					"$(inherited)",
				);
				GCC_WARN_64_TO_32_BIT_CONVERSION = YES;
				GCC_WARN_ABOUT_RETURN_TYPE = YES_ERROR;
				GCC_WARN_UNDECLARED_SELECTOR = YES;
				GCC_WARN_UNINITIALIZED_AUTOS = YES_AGGRESSIVE;
				GCC_WARN_UNUSED_FUNCTION = YES;
				GCC_WARN_UNUSED_VARIABLE = YES;
				IPHONEOS_DEPLOYMENT_TARGET = 9.2;
				MTL_ENABLE_DEBUG_INFO = YES;
				ONLY_ACTIVE_ARCH = YES;
				SDKROOT = iphoneos;
				SWIFT_OPTIMIZATION_LEVEL = "-Onone";
				TARGETED_DEVICE_FAMILY = "1,2";
			};
			name = Debug;
		};
		5077CFC01C49950B0090F808 /* Release */ = {
			isa = XCBuildConfiguration;
			buildSettings = {
				ALWAYS_SEARCH_USER_PATHS = NO;
				CLANG_CXX_LANGUAGE_STANDARD = "gnu++0x";
				CLANG_CXX_LIBRARY = "libc++";
				CLANG_ENABLE_MODULES = YES;
				CLANG_ENABLE_OBJC_ARC = YES;
				CLANG_WARN_BOOL_CONVERSION = YES;
				CLANG_WARN_CONSTANT_CONVERSION = YES;
				CLANG_WARN_DIRECT_OBJC_ISA_USAGE = YES_ERROR;
				CLANG_WARN_EMPTY_BODY = YES;
				CLANG_WARN_ENUM_CONVERSION = YES;
				CLANG_WARN_INT_CONVERSION = YES;
				CLANG_WARN_OBJC_ROOT_CLASS = YES_ERROR;
				CLANG_WARN_UNREACHABLE_CODE = YES;
				CLANG_WARN__DUPLICATE_METHOD_MATCH = YES;
				"CODE_SIGN_IDENTITY[sdk=iphoneos*]" = "iPhone Developer";
				COPY_PHASE_STRIP = NO;
				DEBUG_INFORMATION_FORMAT = "dwarf-with-dsym";
				ENABLE_NS_ASSERTIONS = NO;
				ENABLE_STRICT_OBJC_MSGSEND = YES;
				GCC_C_LANGUAGE_STANDARD = gnu99;
				GCC_NO_COMMON_BLOCKS = YES;
				GCC_WARN_64_TO_32_BIT_CONVERSION = YES;
				GCC_WARN_ABOUT_RETURN_TYPE = YES_ERROR;
				GCC_WARN_UNDECLARED_SELECTOR = YES;
				GCC_WARN_UNINITIALIZED_AUTOS = YES_AGGRESSIVE;
				GCC_WARN_UNUSED_FUNCTION = YES;
				GCC_WARN_UNUSED_VARIABLE = YES;
				IPHONEOS_DEPLOYMENT_TARGET = 9.2;
				MTL_ENABLE_DEBUG_INFO = NO;
				SDKROOT = iphoneos;
				TARGETED_DEVICE_FAMILY = "1,2";
				VALIDATE_PRODUCT = YES;
			};
			name = Release;
		};
		5077CFC21C49950B0090F808 /* Debug */ = {
			isa = XCBuildConfiguration;
			buildSettings = {
				ASSETCATALOG_COMPILER_APPICON_NAME = AppIcon;
				INFOPLIST_FILE = SimpleTable/Info.plist;
				LD_RUNPATH_SEARCH_PATHS = "$(inherited) @executable_path/Frameworks";
				PRODUCT_BUNDLE_IDENTIFIER = com.usecanvas.SimpleTable;
				PRODUCT_NAME = "$(TARGET_NAME)";
			};
			name = Debug;
		};
		5077CFC31C49950B0090F808 /* Release */ = {
			isa = XCBuildConfiguration;
			buildSettings = {
				ASSETCATALOG_COMPILER_APPICON_NAME = AppIcon;
				INFOPLIST_FILE = SimpleTable/Info.plist;
				LD_RUNPATH_SEARCH_PATHS = "$(inherited) @executable_path/Frameworks";
				PRODUCT_BUNDLE_IDENTIFIER = com.usecanvas.SimpleTable;
				PRODUCT_NAME = "$(TARGET_NAME)";
			};
			name = Release;
		};
		5077CFC51C49950B0090F808 /* Debug */ = {
			isa = XCBuildConfiguration;
			buildSettings = {
				BUNDLE_LOADER = "$(TEST_HOST)";
				INFOPLIST_FILE = SimpleTableTests/Info.plist;
				LD_RUNPATH_SEARCH_PATHS = "$(inherited) @executable_path/Frameworks @loader_path/Frameworks";
				PRODUCT_BUNDLE_IDENTIFIER = com.usecanvas.SimpleTableTests;
				PRODUCT_NAME = "$(TARGET_NAME)";
				TEST_HOST = "$(BUILT_PRODUCTS_DIR)/SimpleTable.app/SimpleTable";
			};
			name = Debug;
		};
		5077CFC61C49950B0090F808 /* Release */ = {
			isa = XCBuildConfiguration;
			buildSettings = {
				BUNDLE_LOADER = "$(TEST_HOST)";
				INFOPLIST_FILE = SimpleTableTests/Info.plist;
				LD_RUNPATH_SEARCH_PATHS = "$(inherited) @executable_path/Frameworks @loader_path/Frameworks";
				PRODUCT_BUNDLE_IDENTIFIER = com.usecanvas.SimpleTableTests;
				PRODUCT_NAME = "$(TARGET_NAME)";
				TEST_HOST = "$(BUILT_PRODUCTS_DIR)/SimpleTable.app/SimpleTable";
			};
			name = Release;
		};
/* End XCBuildConfiguration section */

/* Begin XCConfigurationList section */
		5077CF9F1C49950B0090F808 /* Build configuration list for PBXProject "SimpleTable" */ = {
			isa = XCConfigurationList;
			buildConfigurations = (
				5077CFBF1C49950B0090F808 /* Debug */,
				5077CFC01C49950B0090F808 /* Release */,
			);
			defaultConfigurationIsVisible = 0;
			defaultConfigurationName = Release;
		};
		5077CFC11C49950B0090F808 /* Build configuration list for PBXNativeTarget "SimpleTable" */ = {
			isa = XCConfigurationList;
			buildConfigurations = (
				5077CFC21C49950B0090F808 /* Debug */,
				5077CFC31C49950B0090F808 /* Release */,
			);
			defaultConfigurationIsVisible = 0;
			defaultConfigurationName = Release;
		};
		5077CFC41C49950B0090F808 /* Build configuration list for PBXNativeTarget "SimpleTableTests" */ = {
			isa = XCConfigurationList;
			buildConfigurations = (
				5077CFC51C49950B0090F808 /* Debug */,
				5077CFC61C49950B0090F808 /* Release */,
			);
			defaultConfigurationIsVisible = 0;
			defaultConfigurationName = Release;
		};
/* End XCConfigurationList section */
	};
	rootObject = 5077CF9C1C49950B0090F808 /* Project object */;
}
